
Microsoft Visual Studio Solution File, Format Version 12.00
# Visual Studio Version 17
VisualStudioVersion = 17.8.34525.116
MinimumVisualStudioVersion = 10.0.40219.1
Project("{FAE04EC0-301F-11D3-BF4B-00C04F79EFBC}") = "CarsShop", "CarsShop\CarsShop.csproj", "{EB8DE821-5070-446A-9DAD-51E6E29AA84B}"
EndProject
Global
	GlobalSection(SolutionConfigurationPlatforms) = preSolution
		Debug|Any CPU = Debug|Any CPU
		Release|Any CPU = Release|Any CPU
	EndGlobalSection
	GlobalSection(ProjectConfigurationPlatforms) = postSolution
		{EB8DE821-5070-446A-9DAD-51E6E29AA84B}.Debug|Any CPU.ActiveCfg = Debug|Any CPU
		{EB8DE821-5070-446A-9DAD-51E6E29AA84B}.Debug|Any CPU.Build.0 = Debug|Any CPU
		{EB8DE821-5070-446A-9DAD-51E6E29AA84B}.Release|Any CPU.ActiveCfg = Release|Any CPU
		{EB8DE821-5070-446A-9DAD-51E6E29AA84B}.Release|Any CPU.Build.0 = Release|Any CPU
	EndGlobalSection
	GlobalSection(SolutionProperties) = preSolution
		HideSolutionNode = FALSE
	EndGlobalSection
	GlobalSection(ExtensibilityGlobals) = postSolution
		SolutionGuid = {0B6D6DEE-7B5E-48E3-992A-53EB46D4F333}
	EndGlobalSection
EndGlobal
